
Microsoft Visual Studio Solution File, Format Version 12.00
# Visual Studio Version 17
VisualStudioVersion = 17.2.32505.173
MinimumVisualStudioVersion = 10.0.40219.1
Project("{FAE04EC0-301F-11D3-BF4B-00C04F79EFBC}") = "CSClass", "CSClass\CSClass.csproj", "{38C22DEB-1B45-414D-959A-29D328E3DCDF}"
EndProject
Global
	GlobalSection(SolutionConfigurationPlatforms) = preSolution
		Debug|Any CPU = Debug|Any CPU
		Release|Any CPU = Release|Any CPU
	EndGlobalSection
	GlobalSection(ProjectConfigurationPlatforms) = postSolution
		{38C22DEB-1B45-414D-959A-29D328E3DCDF}.Debug|Any CPU.ActiveCfg = Debug|Any CPU
		{38C22DEB-1B45-414D-959A-29D328E3DCDF}.Debug|Any CPU.Build.0 = Debug|Any CPU
		{38C22DEB-1B45-414D-959A-29D328E3DCDF}.Release|Any CPU.ActiveCfg = Release|Any CPU
		{38C22DEB-1B45-414D-959A-29D328E3DCDF}.Release|Any CPU.Build.0 = Release|Any CPU
	EndGlobalSection
	GlobalSection(SolutionProperties) = preSolution
		HideSolutionNode = FALSE
	EndGlobalSection
	GlobalSection(ExtensibilityGlobals) = postSolution
		SolutionGuid = {B0899539-B3A9-4E3A-9364-5208D5F40852}
	EndGlobalSection
EndGlobal
